{
  "name": "react-example",
  "version": "0.0.0",
  "lockfileVersion": 3,
  "requires": true,
  "packages": {
    "": {
      "name": "react-example",
      "version": "0.0.0",
      "dependencies": {
        "@google/genai": "^1.29.0",
        "@tailwindcss/vite": "^4.1.14",
        "@vitejs/plugin-react": "^5.0.4",
        "axios": "^1.16.0",
        "crystals-kyber": "^5.1.0",
        "dotenv": "^17.2.3",
        "express": "^4.21.2",
        "jspdf": "^4.2.1",
        "jspdf-autotable": "^5.0.7",
        "lucide-react": "^0.546.0",
        "motion": "^12.23.24",
        "multer": "^2.1.1",
        "node-rsa": "^1.1.1",
        "react": "^19.0.1",
        "react-dom": "^19.0.1",
        "recharts": "^3.8.1",
        "socket.io": "^4.8.3",
        "socket.io-client": "^4.8.3",
        "vite": "^6.2.3",
        "zod": "^4.5.4"
      },
      "devDependencies": {
        "@types/express": "^4.17.21",
        "@types/node": "^22.14.0",
        "autoprefixer": "^10.4.21",
        "esbuild": "^0.28.0",
        "tailwindcss": "^4.1.14",
        "tsx": "^4.21.0",
        "typescript": "~5.8.2",
        "vite": "^6.2.3"
      }
    },
    "node_modules/node-rsa": {
      "version": "1.1.1",
      "resolved": "https://npmjs.org",
      "integrity": "sha512-JdaY9AnWD7964T6Q98on674uSreLIsg6Q+T07gBIsS9L0SAnfIAszS0YInNn6bQisGzY5Xyqitp6A0Z82eHhWg==",
      "dependencies": {
        "asn1": "~0.2.3"
      }
    },
    "node_modules/asn1": {
      "version": "0.2.6",
      "resolved": "https://npmjs.org",
      "integrity": "sha512-ixqlVoYQNvHpExURfk1GqmKVAM3LHqqOwG5EFpaKnVYfmawg6MO7UpSM36ajMe5ZY94NM9GQbPkDQZ9o8cMOA==",
      "dependencies": {
        "safer-buffer": "~2.1.0"
      }
    },
    "node_modules/safer-buffer": {
      "version": "2.1.2",
      "resolved": "https://npmjs.org",
      "integrity": "sha512-YZo3K82SD7Riyi0E1EQPojLz7kpepnSQI9IyPbHHg1XXXevb5dJI7tpyN2ADxGcQbHG7vcyRHk0cbwqcQriUtg=="
    }
  }
}
